// !$*UTF8*$!
{
	archiveVersion = 1;
	classes = {
	};
	objectVersion = 50;
	objects = {

/* Begin PBXBuildFile section */
		114EACB0219F21F600BE734E /* AppDelegate.swift in Sources */ = {isa = PBXBuildFile; fileRef = 114EACAF219F21F600BE734E /* AppDelegate.swift */; };
		114EACB2219F21F600BE734E /* ViewController.swift in Sources */ = {isa = PBXBuildFile; fileRef = 114EACB1219F21F600BE734E /* ViewController.swift */; };
		114EACB5219F21F600BE734E /* Main.storyboard in Resources */ = {isa = PBXBuildFile; fileRef = 114EACB3219F21F600BE734E /* Main.storyboard */; };
		114EACB7219F21FA00BE734E /* Assets.xcassets in Resources */ = {isa = PBXBuildFile; fileRef = 114EACB6219F21FA00BE734E /* Assets.xcassets */; };
		114EACBA219F21FA00BE734E /* LaunchScreen.storyboard in Resources */ = {isa = PBXBuildFile; fileRef = 114EACB8219F21FA00BE734E /* LaunchScreen.storyboard */; };
		114EACC2219F313400BE734E /* MainTableViewController.swift in Sources */ = {isa = PBXBuildFile; fileRef = 114EACC1219F313400BE734E /* MainTableViewController.swift */; };
		114EACC5219F326E00BE734E /* MainTableViewCell.swift in Sources */ = {isa = PBXBuildFile; fileRef = 114EACC3219F326E00BE734E /* MainTableViewCell.swift */; };
		114EACC6219F326E00BE734E /* MainTableViewCell.xib in Resources */ = {isa = PBXBuildFile; fileRef = 114EACC4219F326E00BE734E /* MainTableViewCell.xib */; };
		114EACC8219F366E00BE734E /* DataAgent.swift in Sources */ = {isa = PBXBuildFile; fileRef = 114EACC7219F366E00BE734E /* DataAgent.swift */; };
		114EACCB219F405C00BE734E /* BeerVO.swift in Sources */ = {isa = PBXBuildFile; fileRef = 114EACCA219F405C00BE734E /* BeerVO.swift */; };
		D589A43BC39D60F59E41ED9E /* Pods_The_Beer_Factory.framework in Frameworks */ = {isa = PBXBuildFile; fileRef = C9B2E37172D6392C969CE069 /* Pods_The_Beer_Factory.framework */; };
/* End PBXBuildFile section */

/* Begin PBXFileReference section */
		114EACAC219F21F600BE734E /* The Beer Factory.app */ = {isa = PBXFileReference; explicitFileType = wrapper.application; includeInIndex = 0; path = "The Beer Factory.app"; sourceTree = BUILT_PRODUCTS_DIR; };
		114EACAF219F21F600BE734E /* AppDelegate.swift */ = {isa = PBXFileReference; lastKnownFileType = sourcecode.swift; path = AppDelegate.swift; sourceTree = "<group>"; };
		114EACB1219F21F600BE734E /* ViewController.swift */ = {isa = PBXFileReference; lastKnownFileType = sourcecode.swift; path = ViewController.swift; sourceTree = "<group>"; };
		114EACB4219F21F600BE734E /* Base */ = {isa = PBXFileReference; lastKnownFileType = file.storyboard; name = Base; path = Base.lproj/Main.storyboard; sourceTree = "<group>"; };
		114EACB6219F21FA00BE734E /* Assets.xcassets */ = {isa = PBXFileReference; lastKnownFileType = folder.assetcatalog; path = Assets.xcassets; sourceTree = "<group>"; };
		114EACB9219F21FA00BE734E /* Base */ = {isa = PBXFileReference; lastKnownFileType = file.storyboard; name = Base; path = Base.lproj/LaunchScreen.storyboard; sourceTree = "<group>"; };
		114EACBB219F21FA00BE734E /* Info.plist */ = {isa = PBXFileReference; lastKnownFileType = text.plist.xml; path = Info.plist; sourceTree = "<group>"; };
		114EACC1219F313400BE734E /* MainTableViewController.swift */ = {isa = PBXFileReference; lastKnownFileType = sourcecode.swift; path = MainTableViewController.swift; sourceTree = "<group>"; };
		114EACC3219F326E00BE734E /* MainTableViewCell.swift */ = {isa = PBXFileReference; lastKnownFileType = sourcecode.swift; path = MainTableViewCell.swift; sourceTree = "<group>"; };
		114EACC4219F326E00BE734E /* MainTableViewCell.xib */ = {isa = PBXFileReference; lastKnownFileType = file.xib; path = MainTableViewCell.xib; sourceTree = "<group>"; };
		114EACC7219F366E00BE734E /* DataAgent.swift */ = {isa = PBXFileReference; lastKnownFileType = sourcecode.swift; path = DataAgent.swift; sourceTree = "<group>"; };
		114EACCA219F405C00BE734E /* BeerVO.swift */ = {isa = PBXFileReference; lastKnownFileType = sourcecode.swift; path = BeerVO.swift; sourceTree = "<group>"; };
		27EDC542CBD83EEF3DAB4CC7 /* Pods-The Beer Factory.debug.xcconfig */ = {isa = PBXFileReference; includeInIndex = 1; lastKnownFileType = text.xcconfig; name = "Pods-The Beer Factory.debug.xcconfig"; path = "Pods/Target Support Files/Pods-The Beer Factory/Pods-The Beer Factory.debug.xcconfig"; sourceTree = "<group>"; };
		C9B2E37172D6392C969CE069 /* Pods_The_Beer_Factory.framework */ = {isa = PBXFileReference; explicitFileType = wrapper.framework; includeInIndex = 0; path = Pods_The_Beer_Factory.framework; sourceTree = BUILT_PRODUCTS_DIR; };
		E11B1716852DA57D8E590134 /* Pods-The Beer Factory.release.xcconfig */ = {isa = PBXFileReference; includeInIndex = 1; lastKnownFileType = text.xcconfig; name = "Pods-The Beer Factory.release.xcconfig"; path = "Pods/Target Support Files/Pods-The Beer Factory/Pods-The Beer Factory.release.xcconfig"; sourceTree = "<group>"; };
/* End PBXFileReference section */

/* Begin PBXFrameworksBuildPhase section */
		114EACA9219F21F600BE734E /* Frameworks */ = {
			isa = PBXFrameworksBuildPhase;
			buildActionMask = 2147483647;
			files = (
				D589A43BC39D60F59E41ED9E /* Pods_The_Beer_Factory.framework in Frameworks */,
			);
			runOnlyForDeploymentPostprocessing = 0;
		};
/* End PBXFrameworksBuildPhase section */

/* Begin PBXGroup section */
		114EACA3219F21F600BE734E = {
			isa = PBXGroup;
			children = (
				114EACAE219F21F600BE734E /* The Beer Factory */,
				114EACAD219F21F600BE734E /* Products */,
				4C9729CAA646354ABA4668DB /* Pods */,
				7DE17B587561DF8A33CB213E /* Frameworks */,
			);
			sourceTree = "<group>";
		};
		114EACAD219F21F600BE734E /* Products */ = {
			isa = PBXGroup;
			children = (
				114EACAC219F21F600BE734E /* The Beer Factory.app */,
			);
			name = Products;
			sourceTree = "<group>";
		};
		114EACAE219F21F600BE734E /* The Beer Factory */ = {
			isa = PBXGroup;
			children = (
				114EACAF219F21F600BE734E /* AppDelegate.swift */,
				114EACB1219F21F600BE734E /* ViewController.swift */,
				114EACB3219F21F600BE734E /* Main.storyboard */,
				114EACB6219F21FA00BE734E /* Assets.xcassets */,
				114EACB8219F21FA00BE734E /* LaunchScreen.storyboard */,
				114EACBB219F21FA00BE734E /* Info.plist */,
				114EACC1219F313400BE734E /* MainTableViewController.swift */,
				114EACC3219F326E00BE734E /* MainTableViewCell.swift */,
				114EACC4219F326E00BE734E /* MainTableViewCell.xib */,
				114EACC7219F366E00BE734E /* DataAgent.swift */,
				114EACCA219F405C00BE734E /* BeerVO.swift */,
			);
			path = "The Beer Factory";
			sourceTree = "<group>";
		};
		4C9729CAA646354ABA4668DB /* Pods */ = {
			isa = PBXGroup;
			children = (
				27EDC542CBD83EEF3DAB4CC7 /* Pods-The Beer Factory.debug.xcconfig */,
				E11B1716852DA57D8E590134 /* Pods-The Beer Factory.release.xcconfig */,
			);
			name = Pods;
			sourceTree = "<group>";
		};
		7DE17B587561DF8A33CB213E /* Frameworks */ = {
			isa = PBXGroup;
			children = (
				C9B2E37172D6392C969CE069 /* Pods_The_Beer_Factory.framework */,
			);
			name = Frameworks;
			sourceTree = "<group>";
		};
/* End PBXGroup section */

/* Begin PBXNativeTarget section */
		114EACAB219F21F600BE734E /* The Beer Factory */ = {
			isa = PBXNativeTarget;
			buildConfigurationList = 114EACBE219F21FA00BE734E /* Build configuration list for PBXNativeTarget "The Beer Factory" */;
			buildPhases = (
				F5A5B9BE3585402E666C7D06 /* [CP] Check Pods Manifest.lock */,
				114EACA8219F21F600BE734E /* Sources */,
				114EACA9219F21F600BE734E /* Frameworks */,
				114EACAA219F21F600BE734E /* Resources */,
				E6EB7E6F04BA981442AC8010 /* [CP] Embed Pods Frameworks */,
			);
			buildRules = (
			);
			dependencies = (
			);
			name = "The Beer Factory";
			productName = "The Beer Factory";
			productReference = 114EACAC219F21F600BE734E /* The Beer Factory.app */;
			productType = "com.apple.product-type.application";
		};
/* End PBXNativeTarget section */

/* Begin PBXProject section */
		114EACA4219F21F600BE734E /* Project object */ = {
			isa = PBXProject;
			attributes = {
				LastSwiftUpdateCheck = 1000;
				LastUpgradeCheck = 1000;
				ORGANIZATIONNAME = "Zin Lin Phyo";
				TargetAttributes = {
					114EACAB219F21F600BE734E = {
						CreatedOnToolsVersion = 10.0;
					};
				};
			};
			buildConfigurationList = 114EACA7219F21F600BE734E /* Build configuration list for PBXProject "The Beer Factory" */;
			compatibilityVersion = "Xcode 9.3";
			developmentRegion = en;
			hasScannedForEncodings = 0;
			knownRegions = (
				en,
				Base,
			);
			mainGroup = 114EACA3219F21F600BE734E;
			productRefGroup = 114EACAD219F21F600BE734E /* Products */;
			projectDirPath = "";
			projectRoot = "";
			targets = (
				114EACAB219F21F600BE734E /* The Beer Factory */,
			);
		};
/* End PBXProject section */

/* Begin PBXResourcesBuildPhase section */
		114EACAA219F21F600BE734E /* Resources */ = {
			isa = PBXResourcesBuildPhase;
			buildActionMask = 2147483647;
			files = (
				114EACBA219F21FA00BE734E /* LaunchScreen.storyboard in Resources */,
				114EACB7219F21FA00BE734E /* Assets.xcassets in Resources */,
				114EACC6219F326E00BE734E /* MainTableViewCell.xib in Resources */,
				114EACB5219F21F600BE734E /* Main.storyboard in Resources */,
			);
			runOnlyForDeploymentPostprocessing = 0;
		};
/* End PBXResourcesBuildPhase section */

/* Begin PBXShellScriptBuildPhase section */
		E6EB7E6F04BA981442AC8010 /* [CP] Embed Pods Frameworks */ = {
			isa = PBXShellScriptBuildPhase;
			buildActionMask = 2147483647;
			files = (
			);
			inputFileListPaths = (
			);
			inputPaths = (
				"${SRCROOT}/Pods/Target Support Files/Pods-The Beer Factory/Pods-The Beer Factory-frameworks.sh",
				"${BUILT_PRODUCTS_DIR}/Alamofire/Alamofire.framework",
				"${BUILT_PRODUCTS_DIR}/SDWebImage/SDWebImage.framework",
				"${BUILT_PRODUCTS_DIR}/SwiftyJSON/SwiftyJSON.framework",
			);
			name = "[CP] Embed Pods Frameworks";
			outputFileListPaths = (
			);
			outputPaths = (
				"${TARGET_BUILD_DIR}/${FRAMEWORKS_FOLDER_PATH}/Alamofire.framework",
				"${TARGET_BUILD_DIR}/${FRAMEWORKS_FOLDER_PATH}/SDWebImage.framework",
				"${TARGET_BUILD_DIR}/${FRAMEWORKS_FOLDER_PATH}/SwiftyJSON.framework",
			);
			runOnlyForDeploymentPostprocessing = 0;
			shellPath = /bin/sh;
			shellScript = "\"${SRCROOT}/Pods/Target Support Files/Pods-The Beer Factory/Pods-The Beer Factory-frameworks.sh\"\n";
			showEnvVarsInLog = 0;
		};
		F5A5B9BE3585402E666C7D06 /* [CP] Check Pods Manifest.lock */ = {
			isa = PBXShellScriptBuildPhase;
			buildActionMask = 2147483647;
			files = (
			);
			inputFileListPaths = (
			);
			inputPaths = (
				"${PODS_PODFILE_DIR_PATH}/Podfile.lock",
				"${PODS_ROOT}/Manifest.lock",
			);
			name = "[CP] Check Pods Manifest.lock";
			outputFileListPaths = (
			);
			outputPaths = (
				"$(DERIVED_FILE_DIR)/Pods-The Beer Factory-checkManifestLockResult.txt",
			);
			runOnlyForDeploymentPostprocessing = 0;
			shellPath = /bin/sh;
			shellScript = "diff \"${PODS_PODFILE_DIR_PATH}/Podfile.lock\" \"${PODS_ROOT}/Manifest.lock\" > /dev/null\nif [ $? != 0 ] ; then\n    # print error to STDERR\n    echo \"error: The sandbox is not in sync with the Podfile.lock. Run 'pod install' or update your CocoaPods installation.\" >&2\n    exit 1\nfi\n# This output is used by Xcode 'outputs' to avoid re-running this script phase.\necho \"SUCCESS\" > \"${SCRIPT_OUTPUT_FILE_0}\"\n";
			showEnvVarsInLog = 0;
		};
/* End PBXShellScriptBuildPhase section */

/* Begin PBXSourcesBuildPhase section */
		114EACA8219F21F600BE734E /* Sources */ = {
			isa = PBXSourcesBuildPhase;
			buildActionMask = 2147483647;
			files = (
				114EACCB219F405C00BE734E /* BeerVO.swift in Sources */,
				114EACB2219F21F600BE734E /* ViewController.swift in Sources */,
				114EACC8219F366E00BE734E /* DataAgent.swift in Sources */,
				114EACC2219F313400BE734E /* MainTableViewController.swift in Sources */,
				114EACC5219F326E00BE734E /* MainTableViewCell.swift in Sources */,
				114EACB0219F21F600BE734E /* AppDelegate.swift in Sources */,
			);
			runOnlyForDeploymentPostprocessing = 0;
		};
/* End PBXSourcesBuildPhase section */

/* Begin PBXVariantGroup section */
		114EACB3219F21F600BE734E /* Main.storyboard */ = {
			isa = PBXVariantGroup;
			children = (
				114EACB4219F21F600BE734E /* Base */,
			);
			name = Main.storyboard;
			sourceTree = "<group>";
		};
		114EACB8219F21FA00BE734E /* LaunchScreen.storyboard */ = {
			isa = PBXVariantGroup;
			children = (
				114EACB9219F21FA00BE734E /* Base */,
			);
			name = LaunchScreen.storyboard;
			sourceTree = "<group>";
		};
/* End PBXVariantGroup section */

/* Begin XCBuildConfiguration section */
		114EACBC219F21FA00BE734E /* Debug */ = {
			isa = XCBuildConfiguration;
			buildSettings = {
				ALWAYS_SEARCH_USER_PATHS = NO;
				CLANG_ANALYZER_NONNULL = YES;
				CLANG_ANALYZER_NUMBER_OBJECT_CONVERSION = YES_AGGRESSIVE;
				CLANG_CXX_LANGUAGE_STANDARD = "gnu++14";
				CLANG_CXX_LIBRARY = "libc++";
				CLANG_ENABLE_MODULES = YES;
				CLANG_ENABLE_OBJC_ARC = YES;
				CLANG_ENABLE_OBJC_WEAK = YES;
				CLANG_WARN_BLOCK_CAPTURE_AUTORELEASING = YES;
				CLANG_WARN_BOOL_CONVERSION = YES;
				CLANG_WARN_COMMA = YES;
				CLANG_WARN_CONSTANT_CONVERSION = YES;
				CLANG_WARN_DEPRECATED_OBJC_IMPLEMENTATIONS = YES;
				CLANG_WARN_DIRECT_OBJC_ISA_USAGE = YES_ERROR;
				CLANG_WARN_DOCUMENTATION_COMMENTS = YES;
				CLANG_WARN_EMPTY_BODY = YES;
				CLANG_WARN_ENUM_CONVERSION = YES;
				CLANG_WARN_INFINITE_RECURSION = YES;
				CLANG_WARN_INT_CONVERSION = YES;
				CLANG_WARN_NON_LITERAL_NULL_CONVERSION = YES;
				CLANG_WARN_OBJC_IMPLICIT_RETAIN_SELF = YES;
				CLANG_WARN_OBJC_LITERAL_CONVERSION = YES;
				CLANG_WARN_OBJC_ROOT_CLASS = YES_ERROR;
				CLANG_WARN_RANGE_LOOP_ANALYSIS = YES;
				CLANG_WARN_STRICT_PROTOTYPES = YES;
				CLANG_WARN_SUSPICIOUS_MOVE = YES;
				CLANG_WARN_UNGUARDED_AVAILABILITY = YES_AGGRESSIVE;
				CLANG_WARN_UNREACHABLE_CODE = YES;
				CLANG_WARN__DUPLICATE_METHOD_MATCH = YES;
				CODE_SIGN_IDENTITY = "iPhone Developer";
				COPY_PHASE_STRIP = NO;
				DEBUG_INFORMATION_FORMAT = dwarf;
				ENABLE_STRICT_OBJC_MSGSEND = YES;
				ENABLE_TESTABILITY = YES;
				GCC_C_LANGUAGE_STANDARD = gnu11;
				GCC_DYNAMIC_NO_PIC = NO;
				GCC_NO_COMMON_BLOCKS = YES;
				GCC_OPTIMIZATION_LEVEL = 0;
				GCC_PREPROCESSOR_DEFINITIONS = (
					"DEBUG=1",
					"$(inherited)",
				);
				GCC_WARN_64_TO_32_BIT_CONVERSION = YES;
				GCC_WARN_ABOUT_RETURN_TYPE = YES_ERROR;
				GCC_WARN_UNDECLARED_SELECTOR = YES;
				GCC_WARN_UNINITIALIZED_AUTOS = YES_AGGRESSIVE;
				GCC_WARN_UNUSED_FUNCTION = YES;
				GCC_WARN_UNUSED_VARIABLE = YES;
				IPHONEOS_DEPLOYMENT_TARGET = 12.0;
				MTL_ENABLE_DEBUG_INFO = INCLUDE_SOURCE;
				MTL_FAST_MATH = YES;
				ONLY_ACTIVE_ARCH = YES;
				SDKROOT = iphoneos;
				SWIFT_ACTIVE_COMPILATION_CONDITIONS = DEBUG;
				SWIFT_OPTIMIZATION_LEVEL = "-Onone";
			};
			name = Debug;
		};
		114EACBD219F21FA00BE734E /* Release */ = {
			isa = XCBuildConfiguration;
			buildSettings = {
				ALWAYS_SEARCH_USER_PATHS = NO;
				CLANG_ANALYZER_NONNULL = YES;
				CLANG_ANALYZER_NUMBER_OBJECT_CONVERSION = YES_AGGRESSIVE;
				CLANG_CXX_LANGUAGE_STANDARD = "gnu++14";
				CLANG_CXX_LIBRARY = "libc++";
				CLANG_ENABLE_MODULES = YES;
				CLANG_ENABLE_OBJC_ARC = YES;
				CLANG_ENABLE_OBJC_WEAK = YES;
				CLANG_WARN_BLOCK_CAPTURE_AUTORELEASING = YES;
				CLANG_WARN_BOOL_CONVERSION = YES;
				CLANG_WARN_COMMA = YES;
				CLANG_WARN_CONSTANT_CONVERSION = YES;
				CLANG_WARN_DEPRECATED_OBJC_IMPLEMENTATIONS = YES;
				CLANG_WARN_DIRECT_OBJC_ISA_USAGE = YES_ERROR;
				CLANG_WARN_DOCUMENTATION_COMMENTS = YES;
				CLANG_WARN_EMPTY_BODY = YES;
				CLANG_WARN_ENUM_CONVERSION = YES;
				CLANG_WARN_INFINITE_RECURSION = YES;
				CLANG_WARN_INT_CONVERSION = YES;
				CLANG_WARN_NON_LITERAL_NULL_CONVERSION = YES;
				CLANG_WARN_OBJC_IMPLICIT_RETAIN_SELF = YES;
				CLANG_WARN_OBJC_LITERAL_CONVERSION = YES;
				CLANG_WARN_OBJC_ROOT_CLASS = YES_ERROR;
				CLANG_WARN_RANGE_LOOP_ANALYSIS = YES;
				CLANG_WARN_STRICT_PROTOTYPES = YES;
				CLANG_WARN_SUSPICIOUS_MOVE = YES;
				CLANG_WARN_UNGUARDED_AVAILABILITY = YES_AGGRESSIVE;
				CLANG_WARN_UNREACHABLE_CODE = YES;
				CLANG_WARN__DUPLICATE_METHOD_MATCH = YES;
				CODE_SIGN_IDENTITY = "iPhone Developer";
				COPY_PHASE_STRIP = NO;
				DEBUG_INFORMATION_FORMAT = "dwarf-with-dsym";
				ENABLE_NS_ASSERTIONS = NO;
				ENABLE_STRICT_OBJC_MSGSEND = YES;
				GCC_C_LANGUAGE_STANDARD = gnu11;
				GCC_NO_COMMON_BLOCKS = YES;
				GCC_WARN_64_TO_32_BIT_CONVERSION = YES;
				GCC_WARN_ABOUT_RETURN_TYPE = YES_ERROR;
				GCC_WARN_UNDECLARED_SELECTOR = YES;
				GCC_WARN_UNINITIALIZED_AUTOS = YES_AGGRESSIVE;
				GCC_WARN_UNUSED_FUNCTION = YES;
				GCC_WARN_UNUSED_VARIABLE = YES;
				IPHONEOS_DEPLOYMENT_TARGET = 12.0;
				MTL_ENABLE_DEBUG_INFO = NO;
				MTL_FAST_MATH = YES;
				SDKROOT = iphoneos;
				SWIFT_COMPILATION_MODE = wholemodule;
				SWIFT_OPTIMIZATION_LEVEL = "-O";
				VALIDATE_PRODUCT = YES;
			};
			name = Release;
		};
		114EACBF219F21FA00BE734E /* Debug */ = {
			isa = XCBuildConfiguration;
			baseConfigurationReference = 27EDC542CBD83EEF3DAB4CC7 /* Pods-The Beer Factory.debug.xcconfig */;
			buildSettings = {
				ASSETCATALOG_COMPILER_APPICON_NAME = AppIcon;
				CODE_SIGN_STYLE = Automatic;
				DEVELOPMENT_TEAM = "";
				INFOPLIST_FILE = "The Beer Factory/Info.plist";
				LD_RUNPATH_SEARCH_PATHS = (
					"$(inherited)",
					"@executable_path/Frameworks",
				);
				PRODUCT_BUNDLE_IDENTIFIER = "net.zinlinphyo.padc.The-Beer-Factory";
				PRODUCT_NAME = "$(TARGET_NAME)";
				SWIFT_VERSION = 4.2;
				TARGETED_DEVICE_FAMILY = "1,2";
			};
			name = Debug;
		};
		114EACC0219F21FA00BE734E /* Release */ = {
			isa = XCBuildConfiguration;
			baseConfigurationReference = E11B1716852DA57D8E590134 /* Pods-The Beer Factory.release.xcconfig */;
			buildSettings = {
				ASSETCATALOG_COMPILER_APPICON_NAME = AppIcon;
				CODE_SIGN_STYLE = Automatic;
				DEVELOPMENT_TEAM = "";
				INFOPLIST_FILE = "The Beer Factory/Info.plist";
				LD_RUNPATH_SEARCH_PATHS = (
					"$(inherited)",
					"@executable_path/Frameworks",
				);
				PRODUCT_BUNDLE_IDENTIFIER = "net.zinlinphyo.padc.The-Beer-Factory";
				PRODUCT_NAME = "$(TARGET_NAME)";
				SWIFT_VERSION = 4.2;
				TARGETED_DEVICE_FAMILY = "1,2";
			};
			name = Release;
		};
/* End XCBuildConfiguration section */

/* Begin XCConfigurationList section */
		114EACA7219F21F600BE734E /* Build configuration list for PBXProject "The Beer Factory" */ = {
			isa = XCConfigurationList;
			buildConfigurations = (
				114EACBC219F21FA00BE734E /* Debug */,
				114EACBD219F21FA00BE734E /* Release */,
			);
			defaultConfigurationIsVisible = 0;
			defaultConfigurationName = Release;
		};
		114EACBE219F21FA00BE734E /* Build configuration list for PBXNativeTarget "The Beer Factory" */ = {
			isa = XCConfigurationList;
			buildConfigurations = (
				114EACBF219F21FA00BE734E /* Debug */,
				114EACC0219F21FA00BE734E /* Release */,
			);
			defaultConfigurationIsVisible = 0;
			defaultConfigurationName = Release;
		};
/* End XCConfigurationList section */
	};
	rootObject = 114EACA4219F21F600BE734E /* Project object */;
}
